
Microsoft Visual Studio Solution File, Format Version 12.00
# Visual Studio Version 16
VisualStudioVersion = 16.0.31624.102
MinimumVisualStudioVersion = 10.0.40219.1
Project("{9A19103F-16F7-4668-BE54-9A1E7A4F7556}") = "TelephoneNetworkProvider", "TelephoneNetworkHelpDesk\TelephoneNetworkProvider.csproj", "{FF2AF52F-8B05-4003-80CC-D675B9F9794E}"
EndProject
Project("{9A19103F-16F7-4668-BE54-9A1E7A4F7556}") = "Entities", "Entities\Entities.csproj", "{A38709B8-E03D-4B27-9011-DCCAA896A1EC}"
EndProject
Project("{9A19103F-16F7-4668-BE54-9A1E7A4F7556}") = "Repository", "Repository\Repository.csproj", "{2FD0ECC6-5E11-4122-9F75-588972B4F8F5}"
EndProject
Project("{FAE04EC0-301F-11D3-BF4B-00C04F79EFBC}") = "BussinessLogic", "BussinessLogic\BussinessLogic.csproj", "{EFE50D61-31F7-411D-BB19-8683EBBB0320}"
EndProject
Global
	GlobalSection(SolutionConfigurationPlatforms) = preSolution
		Debug|Any CPU = Debug|Any CPU
		Release|Any CPU = Release|Any CPU
	EndGlobalSection
	GlobalSection(ProjectConfigurationPlatforms) = postSolution
		{FF2AF52F-8B05-4003-80CC-D675B9F9794E}.Debug|Any CPU.ActiveCfg = Debug|Any CPU
		{FF2AF52F-8B05-4003-80CC-D675B9F9794E}.Debug|Any CPU.Build.0 = Debug|Any CPU
		{FF2AF52F-8B05-4003-80CC-D675B9F9794E}.Release|Any CPU.ActiveCfg = Release|Any CPU
		{FF2AF52F-8B05-4003-80CC-D675B9F9794E}.Release|Any CPU.Build.0 = Release|Any CPU
		{A38709B8-E03D-4B27-9011-DCCAA896A1EC}.Debug|Any CPU.ActiveCfg = Debug|Any CPU
		{A38709B8-E03D-4B27-9011-DCCAA896A1EC}.Debug|Any CPU.Build.0 = Debug|Any CPU
		{A38709B8-E03D-4B27-9011-DCCAA896A1EC}.Release|Any CPU.ActiveCfg = Release|Any CPU
		{A38709B8-E03D-4B27-9011-DCCAA896A1EC}.Release|Any CPU.Build.0 = Release|Any CPU
		{2FD0ECC6-5E11-4122-9F75-588972B4F8F5}.Debug|Any CPU.ActiveCfg = Debug|Any CPU
		{2FD0ECC6-5E11-4122-9F75-588972B4F8F5}.Debug|Any CPU.Build.0 = Debug|Any CPU
		{2FD0ECC6-5E11-4122-9F75-588972B4F8F5}.Release|Any CPU.ActiveCfg = Release|Any CPU
		{2FD0ECC6-5E11-4122-9F75-588972B4F8F5}.Release|Any CPU.Build.0 = Release|Any CPU
		{EFE50D61-31F7-411D-BB19-8683EBBB0320}.Debug|Any CPU.ActiveCfg = Debug|Any CPU
		{EFE50D61-31F7-411D-BB19-8683EBBB0320}.Debug|Any CPU.Build.0 = Debug|Any CPU
		{EFE50D61-31F7-411D-BB19-8683EBBB0320}.Release|Any CPU.ActiveCfg = Release|Any CPU
		{EFE50D61-31F7-411D-BB19-8683EBBB0320}.Release|Any CPU.Build.0 = Release|Any CPU
	EndGlobalSection
	GlobalSection(SolutionProperties) = preSolution
		HideSolutionNode = FALSE
	EndGlobalSection
	GlobalSection(ExtensibilityGlobals) = postSolution
		SolutionGuid = {BAB73000-EC46-4A24-A541-74DD9C5C946C}
	EndGlobalSection
EndGlobal
